
Microsoft Visual Studio Solution File, Format Version 12.00
# Visual Studio Version 17
VisualStudioVersion = 17.0.31717.71
MinimumVisualStudioVersion = 10.0.40219.1
Project("{9A19103F-16F7-4668-BE54-9A1E7A4F7556}") = "FrostSec", "FrostSec\FrostSec.csproj", "{C3554FF0-5935-4C14-89B3-D1C9D0549477}"
EndProject
Global
	GlobalSection(SolutionConfigurationPlatforms) = preSolution
		Debug|Any CPU = Debug|Any CPU
		Release|Any CPU = Release|Any CPU
	EndGlobalSection
	GlobalSection(ProjectConfigurationPlatforms) = postSolution
		{C3554FF0-5935-4C14-89B3-D1C9D0549477}.Debug|Any CPU.ActiveCfg = Debug|Any CPU
		{C3554FF0-5935-4C14-89B3-D1C9D0549477}.Debug|Any CPU.Build.0 = Debug|Any CPU
		{C3554FF0-5935-4C14-89B3-D1C9D0549477}.Release|Any CPU.ActiveCfg = Release|Any CPU
		{C3554FF0-5935-4C14-89B3-D1C9D0549477}.Release|Any CPU.Build.0 = Release|Any CPU
	EndGlobalSection
	GlobalSection(SolutionProperties) = preSolution
		HideSolutionNode = FALSE
	EndGlobalSection
	GlobalSection(ExtensibilityGlobals) = postSolution
		SolutionGuid = {CBBA7207-31AB-44A4-BCA5-CD3266A0AD66}
	EndGlobalSection
EndGlobal
